// !$*UTF8*$!
{
	archiveVersion = 1;
	classes = {
	};
	objectVersion = 50;
	objects = {

/* Begin PBXBuildFile section */
		19DA13D52440BFAD0036E3E5 /* AppDelegate.swift in Sources */ = {isa = PBXBuildFile; fileRef = 19DA13D42440BFAD0036E3E5 /* AppDelegate.swift */; };
		19DA13D72440BFAD0036E3E5 /* SceneDelegate.swift in Sources */ = {isa = PBXBuildFile; fileRef = 19DA13D62440BFAD0036E3E5 /* SceneDelegate.swift */; };
		19DA13D92440BFAD0036E3E5 /* ViewController.swift in Sources */ = {isa = PBXBuildFile; fileRef = 19DA13D82440BFAD0036E3E5 /* ViewController.swift */; };
		19DA13DC2440BFAD0036E3E5 /* Main.storyboard in Resources */ = {isa = PBXBuildFile; fileRef = 19DA13DA2440BFAD0036E3E5 /* Main.storyboard */; };
		19DA13DE2440BFB40036E3E5 /* Assets.xcassets in Resources */ = {isa = PBXBuildFile; fileRef = 19DA13DD2440BFB40036E3E5 /* Assets.xcassets */; };
		19DA13E12440BFB40036E3E5 /* LaunchScreen.storyboard in Resources */ = {isa = PBXBuildFile; fileRef = 19DA13DF2440BFB40036E3E5 /* LaunchScreen.storyboard */; };
/* End PBXBuildFile section */

/* Begin PBXFileReference section */
		19DA13D12440BFAD0036E3E5 /* I Am Very Poor.app */ = {isa = PBXFileReference; explicitFileType = wrapper.application; includeInIndex = 0; path = "I Am Very Poor.app"; sourceTree = BUILT_PRODUCTS_DIR; };
		19DA13D42440BFAD0036E3E5 /* AppDelegate.swift */ = {isa = PBXFileReference; lastKnownFileType = sourcecode.swift; path = AppDelegate.swift; sourceTree = "<group>"; };
		19DA13D62440BFAD0036E3E5 /* SceneDelegate.swift */ = {isa = PBXFileReference; lastKnownFileType = sourcecode.swift; path = SceneDelegate.swift; sourceTree = "<group>"; };
		19DA13D82440BFAD0036E3E5 /* ViewController.swift */ = {isa = PBXFileReference; lastKnownFileType = sourcecode.swift; path = ViewController.swift; sourceTree = "<group>"; };
		19DA13DB2440BFAD0036E3E5 /* Base */ = {isa = PBXFileReference; lastKnownFileType = file.storyboard; name = Base; path = Base.lproj/Main.storyboard; sourceTree = "<group>"; };
		19DA13DD2440BFB40036E3E5 /* Assets.xcassets */ = {isa = PBXFileReference; lastKnownFileType = folder.assetcatalog; path = Assets.xcassets; sourceTree = "<group>"; };
		19DA13E02440BFB40036E3E5 /* Base */ = {isa = PBXFileReference; lastKnownFileType = file.storyboard; name = Base; path = Base.lproj/LaunchScreen.storyboard; sourceTree = "<group>"; };
		19DA13E22440BFB40036E3E5 /* Info.plist */ = {isa = PBXFileReference; lastKnownFileType = text.plist.xml; path = Info.plist; sourceTree = "<group>"; };
/* End PBXFileReference section */

/* Begin PBXFrameworksBuildPhase section */
		19DA13CE2440BFAD0036E3E5 /* Frameworks */ = {
			isa = PBXFrameworksBuildPhase;
			buildActionMask = 2147483647;
			files = (
			);
			runOnlyForDeploymentPostprocessing = 0;
		};
/* End PBXFrameworksBuildPhase section */

/* Begin PBXGroup section */
		19DA13C82440BFAD0036E3E5 = {
			isa = PBXGroup;
			children = (
				19DA13D32440BFAD0036E3E5 /* I Am Very Poor */,
				19DA13D22440BFAD0036E3E5 /* Products */,
			);
			sourceTree = "<group>";
		};
		19DA13D22440BFAD0036E3E5 /* Products */ = {
			isa = PBXGroup;
			children = (
				19DA13D12440BFAD0036E3E5 /* I Am Very Poor.app */,
			);
			name = Products;
			sourceTree = "<group>";
		};
		19DA13D32440BFAD0036E3E5 /* I Am Very Poor */ = {
			isa = PBXGroup;
			children = (
				19DA13D42440BFAD0036E3E5 /* AppDelegate.swift */,
				19DA13D62440BFAD0036E3E5 /* SceneDelegate.swift */,
				19DA13D82440BFAD0036E3E5 /* ViewController.swift */,
				19DA13DA2440BFAD0036E3E5 /* Main.storyboard */,
				19DA13DD2440BFB40036E3E5 /* Assets.xcassets */,
				19DA13DF2440BFB40036E3E5 /* LaunchScreen.storyboard */,
				19DA13E22440BFB40036E3E5 /* Info.plist */,
			);
			path = "I Am Very Poor";
			sourceTree = "<group>";
		};
/* End PBXGroup section */

/* Begin PBXNativeTarget section */
		19DA13D02440BFAD0036E3E5 /* I Am Very Poor */ = {
			isa = PBXNativeTarget;
			buildConfigurationList = 19DA13E52440BFB40036E3E5 /* Build configuration list for PBXNativeTarget "I Am Very Poor" */;
			buildPhases = (
				19DA13CD2440BFAD0036E3E5 /* Sources */,
				19DA13CE2440BFAD0036E3E5 /* Frameworks */,
				19DA13CF2440BFAD0036E3E5 /* Resources */,
			);
			buildRules = (
			);
			dependencies = (
			);
			name = "I Am Very Poor";
			productName = "I Am Very Poor";
			productReference = 19DA13D12440BFAD0036E3E5 /* I Am Very Poor.app */;
			productType = "com.apple.product-type.application";
		};
/* End PBXNativeTarget section */

/* Begin PBXProject section */
		19DA13C92440BFAD0036E3E5 /* Project object */ = {
			isa = PBXProject;
			attributes = {
				LastSwiftUpdateCheck = 1140;
				LastUpgradeCheck = 1140;
				ORGANIZATIONNAME = "Omar Helwani";
				TargetAttributes = {
					19DA13D02440BFAD0036E3E5 = {
						CreatedOnToolsVersion = 11.4;
					};
				};
			};
			buildConfigurationList = 19DA13CC2440BFAD0036E3E5 /* Build configuration list for PBXProject "I Am Very Poor" */;
			compatibilityVersion = "Xcode 9.3";
			developmentRegion = en;
			hasScannedForEncodings = 0;
			knownRegions = (
				en,
				Base,
			);
			mainGroup = 19DA13C82440BFAD0036E3E5;
			productRefGroup = 19DA13D22440BFAD0036E3E5 /* Products */;
			projectDirPath = "";
			projectRoot = "";
			targets = (
				19DA13D02440BFAD0036E3E5 /* I Am Very Poor */,
			);
		};
/* End PBXProject section */

/* Begin PBXResourcesBuildPhase section */
		19DA13CF2440BFAD0036E3E5 /* Resources */ = {
			isa = PBXResourcesBuildPhase;
			buildActionMask = 2147483647;
			files = (
				19DA13E12440BFB40036E3E5 /* LaunchScreen.storyboard in Resources */,
				19DA13DE2440BFB40036E3E5 /* Assets.xcassets in Resources */,
				19DA13DC2440BFAD0036E3E5 /* Main.storyboard in Resources */,
			);
			runOnlyForDeploymentPostprocessing = 0;
		};
/* End PBXResourcesBuildPhase section */

/* Begin PBXSourcesBuildPhase section */
		19DA13CD2440BFAD0036E3E5 /* Sources */ = {
			isa = PBXSourcesBuildPhase;
			buildActionMask = 2147483647;
			files = (
				19DA13D92440BFAD0036E3E5 /* ViewController.swift in Sources */,
				19DA13D52440BFAD0036E3E5 /* AppDelegate.swift in Sources */,
				19DA13D72440BFAD0036E3E5 /* SceneDelegate.swift in Sources */,
			);
			runOnlyForDeploymentPostprocessing = 0;
		};
/* End PBXSourcesBuildPhase section */

/* Begin PBXVariantGroup section */
		19DA13DA2440BFAD0036E3E5 /* Main.storyboard */ = {
			isa = PBXVariantGroup;
			children = (
				19DA13DB2440BFAD0036E3E5 /* Base */,
			);
			name = Main.storyboard;
			sourceTree = "<group>";
		};
		19DA13DF2440BFB40036E3E5 /* LaunchScreen.storyboard */ = {
			isa = PBXVariantGroup;
			children = (
				19DA13E02440BFB40036E3E5 /* Base */,
			);
			name = LaunchScreen.storyboard;
			sourceTree = "<group>";
		};
/* End PBXVariantGroup section */

/* Begin XCBuildConfiguration section */
		19DA13E32440BFB40036E3E5 /* Debug */ = {
			isa = XCBuildConfiguration;
			buildSettings = {
				ALWAYS_SEARCH_USER_PATHS = NO;
				CLANG_ANALYZER_NONNULL = YES;
				CLANG_ANALYZER_NUMBER_OBJECT_CONVERSION = YES_AGGRESSIVE;
				CLANG_CXX_LANGUAGE_STANDARD = "gnu++14";
				CLANG_CXX_LIBRARY = "libc++";
				CLANG_ENABLE_MODULES = YES;
				CLANG_ENABLE_OBJC_ARC = YES;
				CLANG_ENABLE_OBJC_WEAK = YES;
				CLANG_WARN_BLOCK_CAPTURE_AUTORELEASING = YES;
				CLANG_WARN_BOOL_CONVERSION = YES;
				CLANG_WARN_COMMA = YES;
				CLANG_WARN_CONSTANT_CONVERSION = YES;
				CLANG_WARN_DEPRECATED_OBJC_IMPLEMENTATIONS = YES;
				CLANG_WARN_DIRECT_OBJC_ISA_USAGE = YES_ERROR;
				CLANG_WARN_DOCUMENTATION_COMMENTS = YES;
				CLANG_WARN_EMPTY_BODY = YES;
				CLANG_WARN_ENUM_CONVERSION = YES;
				CLANG_WARN_INFINITE_RECURSION = YES;
				CLANG_WARN_INT_CONVERSION = YES;
				CLANG_WARN_NON_LITERAL_NULL_CONVERSION = YES;
				CLANG_WARN_OBJC_IMPLICIT_RETAIN_SELF = YES;
				CLANG_WARN_OBJC_LITERAL_CONVERSION = YES;
				CLANG_WARN_OBJC_ROOT_CLASS = YES_ERROR;
				CLANG_WARN_RANGE_LOOP_ANALYSIS = YES;
				CLANG_WARN_STRICT_PROTOTYPES = YES;
				CLANG_WARN_SUSPICIOUS_MOVE = YES;
				CLANG_WARN_UNGUARDED_AVAILABILITY = YES_AGGRESSIVE;
				CLANG_WARN_UNREACHABLE_CODE = YES;
				CLANG_WARN__DUPLICATE_METHOD_MATCH = YES;
				COPY_PHASE_STRIP = NO;
				DEBUG_INFORMATION_FORMAT = dwarf;
				ENABLE_STRICT_OBJC_MSGSEND = YES;
				ENABLE_TESTABILITY = YES;
				GCC_C_LANGUAGE_STANDARD = gnu11;
				GCC_DYNAMIC_NO_PIC = NO;
				GCC_NO_COMMON_BLOCKS = YES;
				GCC_OPTIMIZATION_LEVEL = 0;
				GCC_PREPROCESSOR_DEFINITIONS = (
					"DEBUG=1",
					"$(inherited)",
				);
				GCC_WARN_64_TO_32_BIT_CONVERSION = YES;
				GCC_WARN_ABOUT_RETURN_TYPE = YES_ERROR;
				GCC_WARN_UNDECLARED_SELECTOR = YES;
				GCC_WARN_UNINITIALIZED_AUTOS = YES_AGGRESSIVE;
				GCC_WARN_UNUSED_FUNCTION = YES;
				GCC_WARN_UNUSED_VARIABLE = YES;
				IPHONEOS_DEPLOYMENT_TARGET = 13.4;
				MTL_ENABLE_DEBUG_INFO = INCLUDE_SOURCE;
				MTL_FAST_MATH = YES;
				ONLY_ACTIVE_ARCH = YES;
				SDKROOT = iphoneos;
				SWIFT_ACTIVE_COMPILATION_CONDITIONS = DEBUG;
				SWIFT_OPTIMIZATION_LEVEL = "-Onone";
			};
			name = Debug;
		};
		19DA13E42440BFB40036E3E5 /* Release */ = {
			isa = XCBuildConfiguration;
			buildSettings = {
				ALWAYS_SEARCH_USER_PATHS = NO;
				CLANG_ANALYZER_NONNULL = YES;
				CLANG_ANALYZER_NUMBER_OBJECT_CONVERSION = YES_AGGRESSIVE;
				CLANG_CXX_LANGUAGE_STANDARD = "gnu++14";
				CLANG_CXX_LIBRARY = "libc++";
				CLANG_ENABLE_MODULES = YES;
				CLANG_ENABLE_OBJC_ARC = YES;
				CLANG_ENABLE_OBJC_WEAK = YES;
				CLANG_WARN_BLOCK_CAPTURE_AUTORELEASING = YES;
				CLANG_WARN_BOOL_CONVERSION = YES;
				CLANG_WARN_COMMA = YES;
				CLANG_WARN_CONSTANT_CONVERSION = YES;
				CLANG_WARN_DEPRECATED_OBJC_IMPLEMENTATIONS = YES;
				CLANG_WARN_DIRECT_OBJC_ISA_USAGE = YES_ERROR;
				CLANG_WARN_DOCUMENTATION_COMMENTS = YES;
				CLANG_WARN_EMPTY_BODY = YES;
				CLANG_WARN_ENUM_CONVERSION = YES;
				CLANG_WARN_INFINITE_RECURSION = YES;
				CLANG_WARN_INT_CONVERSION = YES;
				CLANG_WARN_NON_LITERAL_NULL_CONVERSION = YES;
				CLANG_WARN_OBJC_IMPLICIT_RETAIN_SELF = YES;
				CLANG_WARN_OBJC_LITERAL_CONVERSION = YES;
				CLANG_WARN_OBJC_ROOT_CLASS = YES_ERROR;
				CLANG_WARN_RANGE_LOOP_ANALYSIS = YES;
				CLANG_WARN_STRICT_PROTOTYPES = YES;
				CLANG_WARN_SUSPICIOUS_MOVE = YES;
				CLANG_WARN_UNGUARDED_AVAILABILITY = YES_AGGRESSIVE;
				CLANG_WARN_UNREACHABLE_CODE = YES;
				CLANG_WARN__DUPLICATE_METHOD_MATCH = YES;
				COPY_PHASE_STRIP = NO;
				DEBUG_INFORMATION_FORMAT = "dwarf-with-dsym";
				ENABLE_NS_ASSERTIONS = NO;
				ENABLE_STRICT_OBJC_MSGSEND = YES;
				GCC_C_LANGUAGE_STANDARD = gnu11;
				GCC_NO_COMMON_BLOCKS = YES;
				GCC_WARN_64_TO_32_BIT_CONVERSION = YES;
				GCC_WARN_ABOUT_RETURN_TYPE = YES_ERROR;
				GCC_WARN_UNDECLARED_SELECTOR = YES;
				GCC_WARN_UNINITIALIZED_AUTOS = YES_AGGRESSIVE;
				GCC_WARN_UNUSED_FUNCTION = YES;
				GCC_WARN_UNUSED_VARIABLE = YES;
				IPHONEOS_DEPLOYMENT_TARGET = 13.4;
				MTL_ENABLE_DEBUG_INFO = NO;
				MTL_FAST_MATH = YES;
				SDKROOT = iphoneos;
				SWIFT_COMPILATION_MODE = wholemodule;
				SWIFT_OPTIMIZATION_LEVEL = "-O";
				VALIDATE_PRODUCT = YES;
			};
			name = Release;
		};
		19DA13E62440BFB40036E3E5 /* Debug */ = {
			isa = XCBuildConfiguration;
			buildSettings = {
				ASSETCATALOG_COMPILER_APPICON_NAME = AppIcon;
				CODE_SIGN_STYLE = Automatic;
				DEVELOPMENT_TEAM = AH2J39EZ67;
				INFOPLIST_FILE = "I Am Very Poor/Info.plist";
				LD_RUNPATH_SEARCH_PATHS = (
					"$(inherited)",
					"@executable_path/Frameworks",
				);
				PRODUCT_BUNDLE_IDENTIFIER = "com.ohmiosdeveloper.I-Am-Very-Poor";
				PRODUCT_NAME = "$(TARGET_NAME)";
				SWIFT_VERSION = 5.0;
				TARGETED_DEVICE_FAMILY = "1,2";
			};
			name = Debug;
		};
		19DA13E72440BFB40036E3E5 /* Release */ = {
			isa = XCBuildConfiguration;
			buildSettings = {
				ASSETCATALOG_COMPILER_APPICON_NAME = AppIcon;
				CODE_SIGN_STYLE = Automatic;
				DEVELOPMENT_TEAM = AH2J39EZ67;
				INFOPLIST_FILE = "I Am Very Poor/Info.plist";
				LD_RUNPATH_SEARCH_PATHS = (
					"$(inherited)",
					"@executable_path/Frameworks",
				);
				PRODUCT_BUNDLE_IDENTIFIER = "com.ohmiosdeveloper.I-Am-Very-Poor";
				PRODUCT_NAME = "$(TARGET_NAME)";
				SWIFT_VERSION = 5.0;
				TARGETED_DEVICE_FAMILY = "1,2";
			};
			name = Release;
		};
/* End XCBuildConfiguration section */

/* Begin XCConfigurationList section */
		19DA13CC2440BFAD0036E3E5 /* Build configuration list for PBXProject "I Am Very Poor" */ = {
			isa = XCConfigurationList;
			buildConfigurations = (
				19DA13E32440BFB40036E3E5 /* Debug */,
				19DA13E42440BFB40036E3E5 /* Release */,
			);
			defaultConfigurationIsVisible = 0;
			defaultConfigurationName = Release;
		};
		19DA13E52440BFB40036E3E5 /* Build configuration list for PBXNativeTarget "I Am Very Poor" */ = {
			isa = XCConfigurationList;
			buildConfigurations = (
				19DA13E62440BFB40036E3E5 /* Debug */,
				19DA13E72440BFB40036E3E5 /* Release */,
			);
			defaultConfigurationIsVisible = 0;
			defaultConfigurationName = Release;
		};
/* End XCConfigurationList section */
	};
	rootObject = 19DA13C92440BFAD0036E3E5 /* Project object */;
}
